
Microsoft Visual Studio Solution File, Format Version 12.00
Project("{FAE04EC0-301F-11D3-BF4B-00C04F79EFBC}") = "Palindromes", "Palindromes\Palindromes.csproj", "{61261F21-6C83-434C-B33E-9A200A695981}"
EndProject
Global
	GlobalSection(SolutionConfigurationPlatforms) = preSolution
		Debug|Any CPU = Debug|Any CPU
		Release|Any CPU = Release|Any CPU
	EndGlobalSection
	GlobalSection(ProjectConfigurationPlatforms) = postSolution
		{61261F21-6C83-434C-B33E-9A200A695981}.Debug|Any CPU.ActiveCfg = Debug|Any CPU
		{61261F21-6C83-434C-B33E-9A200A695981}.Debug|Any CPU.Build.0 = Debug|Any CPU
		{61261F21-6C83-434C-B33E-9A200A695981}.Release|Any CPU.ActiveCfg = Release|Any CPU
		{61261F21-6C83-434C-B33E-9A200A695981}.Release|Any CPU.Build.0 = Release|Any CPU
	EndGlobalSection
EndGlobal
